// !$*UTF8*$!
{
	archiveVersion = 1;
	classes = {
	};
	objectVersion = 48;
	objects = {

/* Begin PBXBuildFile section */
		A10D6E70B5D66D7ED6BA8AE3 /* Pods_portScanner.framework in Frameworks */ = {isa = PBXBuildFile; fileRef = 53A6CB88402DC231E7E2EB85 /* Pods_portScanner.framework */; };
		BC4C0FF9205614490020B812 /* MyPorts.swift in Sources */ = {isa = PBXBuildFile; fileRef = BC4C0FF8205614490020B812 /* MyPorts.swift */; };
		BC52A92C205753E700FE072A /* terminal80.swift in Sources */ = {isa = PBXBuildFile; fileRef = BC52A92B205753E700FE072A /* terminal80.swift */; };
		BC52A92E20575B9000FE072A /* TextViewDesign.swift in Sources */ = {isa = PBXBuildFile; fileRef = BC52A92D20575B9000FE072A /* TextViewDesign.swift */; };
		BC52A93020575D1F00FE072A /* ViewDesign.swift in Sources */ = {isa = PBXBuildFile; fileRef = BC52A92F20575D1F00FE072A /* ViewDesign.swift */; };
		BC60F26C205E48E900600138 /* terminal22.swift in Sources */ = {isa = PBXBuildFile; fileRef = BC60F26B205E48E900600138 /* terminal22.swift */; };
		BC6AB3DC205E3E9200008962 /* mainButtonDesign.swift in Sources */ = {isa = PBXBuildFile; fileRef = BC6AB3DB205E3E9200008962 /* mainButtonDesign.swift */; };
		BC9A2B0820561324005A2CA3 /* AppDelegate.swift in Sources */ = {isa = PBXBuildFile; fileRef = BC9A2B0720561324005A2CA3 /* AppDelegate.swift */; };
		BC9A2B0A20561324005A2CA3 /* ViewController.swift in Sources */ = {isa = PBXBuildFile; fileRef = BC9A2B0920561324005A2CA3 /* ViewController.swift */; };
		BC9A2B0D20561324005A2CA3 /* Main.storyboard in Resources */ = {isa = PBXBuildFile; fileRef = BC9A2B0B20561324005A2CA3 /* Main.storyboard */; };
		BC9A2B1020561324005A2CA3 /* portScanner.xcdatamodeld in Sources */ = {isa = PBXBuildFile; fileRef = BC9A2B0E20561324005A2CA3 /* portScanner.xcdatamodeld */; };
		BC9A2B1220561324005A2CA3 /* Assets.xcassets in Resources */ = {isa = PBXBuildFile; fileRef = BC9A2B1120561324005A2CA3 /* Assets.xcassets */; };
		BC9A2B1520561324005A2CA3 /* LaunchScreen.storyboard in Resources */ = {isa = PBXBuildFile; fileRef = BC9A2B1320561324005A2CA3 /* LaunchScreen.storyboard */; };
/* End PBXBuildFile section */

/* Begin PBXFileReference section */
		349CCFC773A748DA45F1C826 /* Pods-portScanner.debug.xcconfig */ = {isa = PBXFileReference; includeInIndex = 1; lastKnownFileType = text.xcconfig; name = "Pods-portScanner.debug.xcconfig"; path = "Pods/Target Support Files/Pods-portScanner/Pods-portScanner.debug.xcconfig"; sourceTree = "<group>"; };
		53A6CB88402DC231E7E2EB85 /* Pods_portScanner.framework */ = {isa = PBXFileReference; explicitFileType = wrapper.framework; includeInIndex = 0; path = Pods_portScanner.framework; sourceTree = BUILT_PRODUCTS_DIR; };
		A4D4E47E4D762BF60CCF4DFD /* Pods-portScanner.release.xcconfig */ = {isa = PBXFileReference; includeInIndex = 1; lastKnownFileType = text.xcconfig; name = "Pods-portScanner.release.xcconfig"; path = "Pods/Target Support Files/Pods-portScanner/Pods-portScanner.release.xcconfig"; sourceTree = "<group>"; };
		BC4C0FF8205614490020B812 /* MyPorts.swift */ = {isa = PBXFileReference; lastKnownFileType = sourcecode.swift; path = MyPorts.swift; sourceTree = "<group>"; };
		BC52A92B205753E700FE072A /* terminal80.swift */ = {isa = PBXFileReference; lastKnownFileType = sourcecode.swift; path = terminal80.swift; sourceTree = "<group>"; };
		BC52A92D20575B9000FE072A /* TextViewDesign.swift */ = {isa = PBXFileReference; lastKnownFileType = sourcecode.swift; path = TextViewDesign.swift; sourceTree = "<group>"; };
		BC52A92F20575D1F00FE072A /* ViewDesign.swift */ = {isa = PBXFileReference; lastKnownFileType = sourcecode.swift; path = ViewDesign.swift; sourceTree = "<group>"; };
		BC60F26B205E48E900600138 /* terminal22.swift */ = {isa = PBXFileReference; lastKnownFileType = sourcecode.swift; path = terminal22.swift; sourceTree = "<group>"; };
		BC6AB3DB205E3E9200008962 /* mainButtonDesign.swift */ = {isa = PBXFileReference; lastKnownFileType = sourcecode.swift; path = mainButtonDesign.swift; sourceTree = "<group>"; };
		BC9A2B0420561324005A2CA3 /* portScanner.app */ = {isa = PBXFileReference; explicitFileType = wrapper.application; includeInIndex = 0; path = portScanner.app; sourceTree = BUILT_PRODUCTS_DIR; };
		BC9A2B0720561324005A2CA3 /* AppDelegate.swift */ = {isa = PBXFileReference; lastKnownFileType = sourcecode.swift; path = AppDelegate.swift; sourceTree = "<group>"; };
		BC9A2B0920561324005A2CA3 /* ViewController.swift */ = {isa = PBXFileReference; lastKnownFileType = sourcecode.swift; path = ViewController.swift; sourceTree = "<group>"; };
		BC9A2B0C20561324005A2CA3 /* Base */ = {isa = PBXFileReference; lastKnownFileType = file.storyboard; name = Base; path = Base.lproj/Main.storyboard; sourceTree = "<group>"; };
		BC9A2B0F20561324005A2CA3 /* portScanner.xcdatamodel */ = {isa = PBXFileReference; lastKnownFileType = wrapper.xcdatamodel; path = portScanner.xcdatamodel; sourceTree = "<group>"; };
		BC9A2B1120561324005A2CA3 /* Assets.xcassets */ = {isa = PBXFileReference; lastKnownFileType = folder.assetcatalog; path = Assets.xcassets; sourceTree = "<group>"; };
		BC9A2B1420561324005A2CA3 /* Base */ = {isa = PBXFileReference; lastKnownFileType = file.storyboard; name = Base; path = Base.lproj/LaunchScreen.storyboard; sourceTree = "<group>"; };
		BC9A2B1620561324005A2CA3 /* Info.plist */ = {isa = PBXFileReference; lastKnownFileType = text.plist.xml; path = Info.plist; sourceTree = "<group>"; };
/* End PBXFileReference section */

/* Begin PBXFrameworksBuildPhase section */
		BC9A2B0120561324005A2CA3 /* Frameworks */ = {
			isa = PBXFrameworksBuildPhase;
			buildActionMask = 2147483647;
			files = (
				A10D6E70B5D66D7ED6BA8AE3 /* Pods_portScanner.framework in Frameworks */,
			);
			runOnlyForDeploymentPostprocessing = 0;
		};
/* End PBXFrameworksBuildPhase section */

/* Begin PBXGroup section */
		34F7F5AA35AE911ED429431C /* Frameworks */ = {
			isa = PBXGroup;
			children = (
				53A6CB88402DC231E7E2EB85 /* Pods_portScanner.framework */,
			);
			name = Frameworks;
			sourceTree = "<group>";
		};
		54896F7C69C2ED1679FB4AA6 /* Pods */ = {
			isa = PBXGroup;
			children = (
				349CCFC773A748DA45F1C826 /* Pods-portScanner.debug.xcconfig */,
				A4D4E47E4D762BF60CCF4DFD /* Pods-portScanner.release.xcconfig */,
			);
			name = Pods;
			sourceTree = "<group>";
		};
		BC9A2AFB20561324005A2CA3 = {
			isa = PBXGroup;
			children = (
				BC9A2B0620561324005A2CA3 /* portScanner */,
				BC9A2B0520561324005A2CA3 /* Products */,
				54896F7C69C2ED1679FB4AA6 /* Pods */,
				34F7F5AA35AE911ED429431C /* Frameworks */,
			);
			sourceTree = "<group>";
		};
		BC9A2B0520561324005A2CA3 /* Products */ = {
			isa = PBXGroup;
			children = (
				BC9A2B0420561324005A2CA3 /* portScanner.app */,
			);
			name = Products;
			sourceTree = "<group>";
		};
		BC9A2B0620561324005A2CA3 /* portScanner */ = {
			isa = PBXGroup;
			children = (
				BC9A2B0720561324005A2CA3 /* AppDelegate.swift */,
				BC9A2B0920561324005A2CA3 /* ViewController.swift */,
				BC9A2B0B20561324005A2CA3 /* Main.storyboard */,
				BC60F26B205E48E900600138 /* terminal22.swift */,
				BC6AB3DB205E3E9200008962 /* mainButtonDesign.swift */,
				BC52A92D20575B9000FE072A /* TextViewDesign.swift */,
				BC52A92F20575D1F00FE072A /* ViewDesign.swift */,
				BC52A92B205753E700FE072A /* terminal80.swift */,
				BC4C0FF8205614490020B812 /* MyPorts.swift */,
				BC9A2B1120561324005A2CA3 /* Assets.xcassets */,
				BC9A2B1320561324005A2CA3 /* LaunchScreen.storyboard */,
				BC9A2B1620561324005A2CA3 /* Info.plist */,
				BC9A2B0E20561324005A2CA3 /* portScanner.xcdatamodeld */,
			);
			path = portScanner;
			sourceTree = "<group>";
		};
/* End PBXGroup section */

/* Begin PBXNativeTarget section */
		BC9A2B0320561324005A2CA3 /* portScanner */ = {
			isa = PBXNativeTarget;
			buildConfigurationList = BC9A2B1920561324005A2CA3 /* Build configuration list for PBXNativeTarget "portScanner" */;
			buildPhases = (
				754003F4E3971FCCF897E881 /* [CP] Check Pods Manifest.lock */,
				BC9A2B0020561324005A2CA3 /* Sources */,
				BC9A2B0120561324005A2CA3 /* Frameworks */,
				BC9A2B0220561324005A2CA3 /* Resources */,
				6FC9415F44370747619D8F48 /* [CP] Embed Pods Frameworks */,
				A6665CCCE9309F2C364142DA /* [CP] Copy Pods Resources */,
			);
			buildRules = (
			);
			dependencies = (
			);
			name = portScanner;
			productName = portScanner;
			productReference = BC9A2B0420561324005A2CA3 /* portScanner.app */;
			productType = "com.apple.product-type.application";
		};
/* End PBXNativeTarget section */

/* Begin PBXProject section */
		BC9A2AFC20561324005A2CA3 /* Project object */ = {
			isa = PBXProject;
			attributes = {
				LastSwiftUpdateCheck = 0920;
				LastUpgradeCheck = 0920;
				ORGANIZATIONNAME = "Fernando Ortiz Rico Celio";
				TargetAttributes = {
					BC9A2B0320561324005A2CA3 = {
						CreatedOnToolsVersion = 9.2;
						ProvisioningStyle = Automatic;
					};
				};
			};
			buildConfigurationList = BC9A2AFF20561324005A2CA3 /* Build configuration list for PBXProject "portScanner" */;
			compatibilityVersion = "Xcode 8.0";
			developmentRegion = en;
			hasScannedForEncodings = 0;
			knownRegions = (
				en,
				Base,
			);
			mainGroup = BC9A2AFB20561324005A2CA3;
			productRefGroup = BC9A2B0520561324005A2CA3 /* Products */;
			projectDirPath = "";
			projectRoot = "";
			targets = (
				BC9A2B0320561324005A2CA3 /* portScanner */,
			);
		};
/* End PBXProject section */

/* Begin PBXResourcesBuildPhase section */
		BC9A2B0220561324005A2CA3 /* Resources */ = {
			isa = PBXResourcesBuildPhase;
			buildActionMask = 2147483647;
			files = (
				BC9A2B1520561324005A2CA3 /* LaunchScreen.storyboard in Resources */,
				BC9A2B1220561324005A2CA3 /* Assets.xcassets in Resources */,
				BC9A2B0D20561324005A2CA3 /* Main.storyboard in Resources */,
			);
			runOnlyForDeploymentPostprocessing = 0;
		};
/* End PBXResourcesBuildPhase section */

/* Begin PBXShellScriptBuildPhase section */
		6FC9415F44370747619D8F48 /* [CP] Embed Pods Frameworks */ = {
			isa = PBXShellScriptBuildPhase;
			buildActionMask = 2147483647;
			files = (
			);
			inputPaths = (
				"${SRCROOT}/Pods/Target Support Files/Pods-portScanner/Pods-portScanner-frameworks.sh",
				"${BUILT_PRODUCTS_DIR}/SwiftSocket/SwiftSocket.framework",
			);
			name = "[CP] Embed Pods Frameworks";
			outputPaths = (
				"${TARGET_BUILD_DIR}/${FRAMEWORKS_FOLDER_PATH}/SwiftSocket.framework",
			);
			runOnlyForDeploymentPostprocessing = 0;
			shellPath = /bin/sh;
			shellScript = "\"${SRCROOT}/Pods/Target Support Files/Pods-portScanner/Pods-portScanner-frameworks.sh\"\n";
			showEnvVarsInLog = 0;
		};
		754003F4E3971FCCF897E881 /* [CP] Check Pods Manifest.lock */ = {
			isa = PBXShellScriptBuildPhase;
			buildActionMask = 2147483647;
			files = (
			);
			inputPaths = (
				"${PODS_PODFILE_DIR_PATH}/Podfile.lock",
				"${PODS_ROOT}/Manifest.lock",
			);
			name = "[CP] Check Pods Manifest.lock";
			outputPaths = (
				"$(DERIVED_FILE_DIR)/Pods-portScanner-checkManifestLockResult.txt",
			);
			runOnlyForDeploymentPostprocessing = 0;
			shellPath = /bin/sh;
			shellScript = "diff \"${PODS_PODFILE_DIR_PATH}/Podfile.lock\" \"${PODS_ROOT}/Manifest.lock\" > /dev/null\nif [ $? != 0 ] ; then\n    # print error to STDERR\n    echo \"error: The sandbox is not in sync with the Podfile.lock. Run 'pod install' or update your CocoaPods installation.\" >&2\n    exit 1\nfi\n# This output is used by Xcode 'outputs' to avoid re-running this script phase.\necho \"SUCCESS\" > \"${SCRIPT_OUTPUT_FILE_0}\"\n";
			showEnvVarsInLog = 0;
		};
		A6665CCCE9309F2C364142DA /* [CP] Copy Pods Resources */ = {
			isa = PBXShellScriptBuildPhase;
			buildActionMask = 2147483647;
			files = (
			);
			inputPaths = (
			);
			name = "[CP] Copy Pods Resources";
			outputPaths = (
			);
			runOnlyForDeploymentPostprocessing = 0;
			shellPath = /bin/sh;
			shellScript = "\"${SRCROOT}/Pods/Target Support Files/Pods-portScanner/Pods-portScanner-resources.sh\"\n";
			showEnvVarsInLog = 0;
		};
/* End PBXShellScriptBuildPhase section */

/* Begin PBXSourcesBuildPhase section */
		BC9A2B0020561324005A2CA3 /* Sources */ = {
			isa = PBXSourcesBuildPhase;
			buildActionMask = 2147483647;
			files = (
				BC9A2B1020561324005A2CA3 /* portScanner.xcdatamodeld in Sources */,
				BC52A92C205753E700FE072A /* terminal80.swift in Sources */,
				BC9A2B0A20561324005A2CA3 /* ViewController.swift in Sources */,
				BC52A92E20575B9000FE072A /* TextViewDesign.swift in Sources */,
				BC6AB3DC205E3E9200008962 /* mainButtonDesign.swift in Sources */,
				BC52A93020575D1F00FE072A /* ViewDesign.swift in Sources */,
				BC4C0FF9205614490020B812 /* MyPorts.swift in Sources */,
				BC9A2B0820561324005A2CA3 /* AppDelegate.swift in Sources */,
				BC60F26C205E48E900600138 /* terminal22.swift in Sources */,
			);
			runOnlyForDeploymentPostprocessing = 0;
		};
/* End PBXSourcesBuildPhase section */

/* Begin PBXVariantGroup section */
		BC9A2B0B20561324005A2CA3 /* Main.storyboard */ = {
			isa = PBXVariantGroup;
			children = (
				BC9A2B0C20561324005A2CA3 /* Base */,
			);
			name = Main.storyboard;
			sourceTree = "<group>";
		};
		BC9A2B1320561324005A2CA3 /* LaunchScreen.storyboard */ = {
			isa = PBXVariantGroup;
			children = (
				BC9A2B1420561324005A2CA3 /* Base */,
			);
			name = LaunchScreen.storyboard;
			sourceTree = "<group>";
		};
/* End PBXVariantGroup section */

/* Begin XCBuildConfiguration section */
		BC9A2B1720561324005A2CA3 /* Debug */ = {
			isa = XCBuildConfiguration;
			buildSettings = {
				ALWAYS_SEARCH_USER_PATHS = NO;
				CLANG_ANALYZER_NONNULL = YES;
				CLANG_ANALYZER_NUMBER_OBJECT_CONVERSION = YES_AGGRESSIVE;
				CLANG_CXX_LANGUAGE_STANDARD = "gnu++14";
				CLANG_CXX_LIBRARY = "libc++";
				CLANG_ENABLE_MODULES = YES;
				CLANG_ENABLE_OBJC_ARC = YES;
				CLANG_WARN_BLOCK_CAPTURE_AUTORELEASING = YES;
				CLANG_WARN_BOOL_CONVERSION = YES;
				CLANG_WARN_COMMA = YES;
				CLANG_WARN_CONSTANT_CONVERSION = YES;
				CLANG_WARN_DIRECT_OBJC_ISA_USAGE = YES_ERROR;
				CLANG_WARN_DOCUMENTATION_COMMENTS = YES;
				CLANG_WARN_EMPTY_BODY = YES;
				CLANG_WARN_ENUM_CONVERSION = YES;
				CLANG_WARN_INFINITE_RECURSION = YES;
				CLANG_WARN_INT_CONVERSION = YES;
				CLANG_WARN_NON_LITERAL_NULL_CONVERSION = YES;
				CLANG_WARN_OBJC_LITERAL_CONVERSION = YES;
				CLANG_WARN_OBJC_ROOT_CLASS = YES_ERROR;
				CLANG_WARN_RANGE_LOOP_ANALYSIS = YES;
				CLANG_WARN_STRICT_PROTOTYPES = YES;
				CLANG_WARN_SUSPICIOUS_MOVE = YES;
				CLANG_WARN_UNGUARDED_AVAILABILITY = YES_AGGRESSIVE;
				CLANG_WARN_UNREACHABLE_CODE = YES;
				CLANG_WARN__DUPLICATE_METHOD_MATCH = YES;
				CODE_SIGN_IDENTITY = "iPhone Developer";
				COPY_PHASE_STRIP = NO;
				DEBUG_INFORMATION_FORMAT = dwarf;
				ENABLE_STRICT_OBJC_MSGSEND = YES;
				ENABLE_TESTABILITY = YES;
				GCC_C_LANGUAGE_STANDARD = gnu11;
				GCC_DYNAMIC_NO_PIC = NO;
				GCC_NO_COMMON_BLOCKS = YES;
				GCC_OPTIMIZATION_LEVEL = 0;
				GCC_PREPROCESSOR_DEFINITIONS = (
					"DEBUG=1",
					"$(inherited)",
				);
				GCC_WARN_64_TO_32_BIT_CONVERSION = YES;
				GCC_WARN_ABOUT_RETURN_TYPE = YES_ERROR;
				GCC_WARN_UNDECLARED_SELECTOR = YES;
				GCC_WARN_UNINITIALIZED_AUTOS = YES_AGGRESSIVE;
				GCC_WARN_UNUSED_FUNCTION = YES;
				GCC_WARN_UNUSED_VARIABLE = YES;
				IPHONEOS_DEPLOYMENT_TARGET = 11.2;
				MTL_ENABLE_DEBUG_INFO = YES;
				ONLY_ACTIVE_ARCH = YES;
				SDKROOT = iphoneos;
				SWIFT_ACTIVE_COMPILATION_CONDITIONS = DEBUG;
				SWIFT_OPTIMIZATION_LEVEL = "-Onone";
			};
			name = Debug;
		};
		BC9A2B1820561324005A2CA3 /* Release */ = {
			isa = XCBuildConfiguration;
			buildSettings = {
				ALWAYS_SEARCH_USER_PATHS = NO;
				CLANG_ANALYZER_NONNULL = YES;
				CLANG_ANALYZER_NUMBER_OBJECT_CONVERSION = YES_AGGRESSIVE;
				CLANG_CXX_LANGUAGE_STANDARD = "gnu++14";
				CLANG_CXX_LIBRARY = "libc++";
				CLANG_ENABLE_MODULES = YES;
				CLANG_ENABLE_OBJC_ARC = YES;
				CLANG_WARN_BLOCK_CAPTURE_AUTORELEASING = YES;
				CLANG_WARN_BOOL_CONVERSION = YES;
				CLANG_WARN_COMMA = YES;
				CLANG_WARN_CONSTANT_CONVERSION = YES;
				CLANG_WARN_DIRECT_OBJC_ISA_USAGE = YES_ERROR;
				CLANG_WARN_DOCUMENTATION_COMMENTS = YES;
				CLANG_WARN_EMPTY_BODY = YES;
				CLANG_WARN_ENUM_CONVERSION = YES;
				CLANG_WARN_INFINITE_RECURSION = YES;
				CLANG_WARN_INT_CONVERSION = YES;
				CLANG_WARN_NON_LITERAL_NULL_CONVERSION = YES;
				CLANG_WARN_OBJC_LITERAL_CONVERSION = YES;
				CLANG_WARN_OBJC_ROOT_CLASS = YES_ERROR;
				CLANG_WARN_RANGE_LOOP_ANALYSIS = YES;
				CLANG_WARN_STRICT_PROTOTYPES = YES;
				CLANG_WARN_SUSPICIOUS_MOVE = YES;
				CLANG_WARN_UNGUARDED_AVAILABILITY = YES_AGGRESSIVE;
				CLANG_WARN_UNREACHABLE_CODE = YES;
				CLANG_WARN__DUPLICATE_METHOD_MATCH = YES;
				CODE_SIGN_IDENTITY = "iPhone Developer";
				COPY_PHASE_STRIP = NO;
				DEBUG_INFORMATION_FORMAT = "dwarf-with-dsym";
				ENABLE_NS_ASSERTIONS = NO;
				ENABLE_STRICT_OBJC_MSGSEND = YES;
				GCC_C_LANGUAGE_STANDARD = gnu11;
				GCC_NO_COMMON_BLOCKS = YES;
				GCC_WARN_64_TO_32_BIT_CONVERSION = YES;
				GCC_WARN_ABOUT_RETURN_TYPE = YES_ERROR;
				GCC_WARN_UNDECLARED_SELECTOR = YES;
				GCC_WARN_UNINITIALIZED_AUTOS = YES_AGGRESSIVE;
				GCC_WARN_UNUSED_FUNCTION = YES;
				GCC_WARN_UNUSED_VARIABLE = YES;
				IPHONEOS_DEPLOYMENT_TARGET = 11.2;
				MTL_ENABLE_DEBUG_INFO = NO;
				SDKROOT = iphoneos;
				SWIFT_OPTIMIZATION_LEVEL = "-Owholemodule";
				VALIDATE_PRODUCT = YES;
			};
			name = Release;
		};
		BC9A2B1A20561324005A2CA3 /* Debug */ = {
			isa = XCBuildConfiguration;
			baseConfigurationReference = 349CCFC773A748DA45F1C826 /* Pods-portScanner.debug.xcconfig */;
			buildSettings = {
				ASSETCATALOG_COMPILER_APPICON_NAME = AppIcon;
				CODE_SIGN_STYLE = Automatic;
				DEVELOPMENT_TEAM = SUDH9226JF;
				INFOPLIST_FILE = portScanner/Info.plist;
				IPHONEOS_DEPLOYMENT_TARGET = 11.0;
				LD_RUNPATH_SEARCH_PATHS = "$(inherited) @executable_path/Frameworks";
				PRODUCT_BUNDLE_IDENTIFIER = foc.uaq.portScanner;
				PRODUCT_NAME = "$(TARGET_NAME)";
				SWIFT_VERSION = 4.0;
				TARGETED_DEVICE_FAMILY = "1,2";
			};
			name = Debug;
		};
		BC9A2B1B20561324005A2CA3 /* Release */ = {
			isa = XCBuildConfiguration;
			baseConfigurationReference = A4D4E47E4D762BF60CCF4DFD /* Pods-portScanner.release.xcconfig */;
			buildSettings = {
				ASSETCATALOG_COMPILER_APPICON_NAME = AppIcon;
				CODE_SIGN_STYLE = Automatic;
				DEVELOPMENT_TEAM = SUDH9226JF;
				INFOPLIST_FILE = portScanner/Info.plist;
				IPHONEOS_DEPLOYMENT_TARGET = 11.0;
				LD_RUNPATH_SEARCH_PATHS = "$(inherited) @executable_path/Frameworks";
				PRODUCT_BUNDLE_IDENTIFIER = foc.uaq.portScanner;
				PRODUCT_NAME = "$(TARGET_NAME)";
				SWIFT_VERSION = 4.0;
				TARGETED_DEVICE_FAMILY = "1,2";
			};
			name = Release;
		};
/* End XCBuildConfiguration section */

/* Begin XCConfigurationList section */
		BC9A2AFF20561324005A2CA3 /* Build configuration list for PBXProject "portScanner" */ = {
			isa = XCConfigurationList;
			buildConfigurations = (
				BC9A2B1720561324005A2CA3 /* Debug */,
				BC9A2B1820561324005A2CA3 /* Release */,
			);
			defaultConfigurationIsVisible = 0;
			defaultConfigurationName = Release;
		};
		BC9A2B1920561324005A2CA3 /* Build configuration list for PBXNativeTarget "portScanner" */ = {
			isa = XCConfigurationList;
			buildConfigurations = (
				BC9A2B1A20561324005A2CA3 /* Debug */,
				BC9A2B1B20561324005A2CA3 /* Release */,
			);
			defaultConfigurationIsVisible = 0;
			defaultConfigurationName = Release;
		};
/* End XCConfigurationList section */

/* Begin XCVersionGroup section */
		BC9A2B0E20561324005A2CA3 /* portScanner.xcdatamodeld */ = {
			isa = XCVersionGroup;
			children = (
				BC9A2B0F20561324005A2CA3 /* portScanner.xcdatamodel */,
			);
			currentVersion = BC9A2B0F20561324005A2CA3 /* portScanner.xcdatamodel */;
			path = portScanner.xcdatamodeld;
			sourceTree = "<group>";
			versionGroupType = wrapper.xcdatamodel;
		};
/* End XCVersionGroup section */
	};
	rootObject = BC9A2AFC20561324005A2CA3 /* Project object */;
}
